// !$*UTF8*$!
{
	archiveVersion = 1;
	classes = {
	};
	objectVersion = 56;
	objects = {

/* Begin PBXBuildFile section */
		0426E117292E35CF00675BEA /* WeatherPracticeApp.swift in Sources */ = {isa = PBXBuildFile; fileRef = 0426E116292E35CF00675BEA /* WeatherPracticeApp.swift */; };
		0426E119292E35CF00675BEA /* ContentView.swift in Sources */ = {isa = PBXBuildFile; fileRef = 0426E118292E35CF00675BEA /* ContentView.swift */; };
		0426E11B292E35D200675BEA /* Assets.xcassets in Resources */ = {isa = PBXBuildFile; fileRef = 0426E11A292E35D200675BEA /* Assets.xcassets */; };
		0426E11E292E35D200675BEA /* Preview Assets.xcassets in Resources */ = {isa = PBXBuildFile; fileRef = 0426E11D292E35D200675BEA /* Preview Assets.xcassets */; };
		0426E128292E422A00675BEA /* Extensions.swift in Sources */ = {isa = PBXBuildFile; fileRef = 0426E127292E422A00675BEA /* Extensions.swift */; };
		0426E12E292E426600675BEA /* HomeView.swift in Sources */ = {isa = PBXBuildFile; fileRef = 0426E12D292E426600675BEA /* HomeView.swift */; };
		04600EE029532D960090116D /* SegmentController.swift in Sources */ = {isa = PBXBuildFile; fileRef = 04600EDF29532D960090116D /* SegmentController.swift */; };
		047870AB295077B800797854 /* Shapes.swift in Sources */ = {isa = PBXBuildFile; fileRef = 047870AA295077B800797854 /* Shapes.swift */; };
		047870AD29507F9100797854 /* ForcastView.swift in Sources */ = {isa = PBXBuildFile; fileRef = 047870AC29507F9100797854 /* ForcastView.swift */; };
		047870AF295087A600797854 /* UIBackdropView.swift in Sources */ = {isa = PBXBuildFile; fileRef = 047870AE295087A600797854 /* UIBackdropView.swift */; };
		048B0ACA29506D9600F8133F /* BottomSheet in Frameworks */ = {isa = PBXBuildFile; productRef = 048B0AC929506D9600F8133F /* BottomSheet */; };
		048B0ACC295073C400F8133F /* TabBar.swift in Sources */ = {isa = PBXBuildFile; fileRef = 048B0ACB295073C400F8133F /* TabBar.swift */; };
/* End PBXBuildFile section */

/* Begin PBXFileReference section */
		0426E113292E35CF00675BEA /* WeatherPractice.app */ = {isa = PBXFileReference; explicitFileType = wrapper.application; includeInIndex = 0; path = WeatherPractice.app; sourceTree = BUILT_PRODUCTS_DIR; };
		0426E116292E35CF00675BEA /* WeatherPracticeApp.swift */ = {isa = PBXFileReference; lastKnownFileType = sourcecode.swift; path = WeatherPracticeApp.swift; sourceTree = "<group>"; };
		0426E118292E35CF00675BEA /* ContentView.swift */ = {isa = PBXFileReference; lastKnownFileType = sourcecode.swift; path = ContentView.swift; sourceTree = "<group>"; };
		0426E11A292E35D200675BEA /* Assets.xcassets */ = {isa = PBXFileReference; lastKnownFileType = folder.assetcatalog; path = Assets.xcassets; sourceTree = "<group>"; };
		0426E11D292E35D200675BEA /* Preview Assets.xcassets */ = {isa = PBXFileReference; lastKnownFileType = folder.assetcatalog; path = "Preview Assets.xcassets"; sourceTree = "<group>"; };
		0426E127292E422A00675BEA /* Extensions.swift */ = {isa = PBXFileReference; lastKnownFileType = sourcecode.swift; path = Extensions.swift; sourceTree = "<group>"; };
		0426E12D292E426600675BEA /* HomeView.swift */ = {isa = PBXFileReference; lastKnownFileType = sourcecode.swift; path = HomeView.swift; sourceTree = "<group>"; };
		04600EDF29532D960090116D /* SegmentController.swift */ = {isa = PBXFileReference; lastKnownFileType = sourcecode.swift; path = SegmentController.swift; sourceTree = "<group>"; };
		047870AA295077B800797854 /* Shapes.swift */ = {isa = PBXFileReference; lastKnownFileType = sourcecode.swift; path = Shapes.swift; sourceTree = "<group>"; };
		047870AC29507F9100797854 /* ForcastView.swift */ = {isa = PBXFileReference; lastKnownFileType = sourcecode.swift; path = ForcastView.swift; sourceTree = "<group>"; };
		047870AE295087A600797854 /* UIBackdropView.swift */ = {isa = PBXFileReference; lastKnownFileType = sourcecode.swift; path = UIBackdropView.swift; sourceTree = "<group>"; };
		048B0ACB295073C400F8133F /* TabBar.swift */ = {isa = PBXFileReference; lastKnownFileType = sourcecode.swift; path = TabBar.swift; sourceTree = "<group>"; };
/* End PBXFileReference section */

/* Begin PBXFrameworksBuildPhase section */
		0426E110292E35CF00675BEA /* Frameworks */ = {
			isa = PBXFrameworksBuildPhase;
			buildActionMask = 2147483647;
			files = (
				048B0ACA29506D9600F8133F /* BottomSheet in Frameworks */,
			);
			runOnlyForDeploymentPostprocessing = 0;
		};
/* End PBXFrameworksBuildPhase section */

/* Begin PBXGroup section */
		0426E10A292E35CF00675BEA = {
			isa = PBXGroup;
			children = (
				0426E115292E35CF00675BEA /* WeatherPractice */,
				0426E114292E35CF00675BEA /* Products */,
			);
			sourceTree = "<group>";
		};
		0426E114292E35CF00675BEA /* Products */ = {
			isa = PBXGroup;
			children = (
				0426E113292E35CF00675BEA /* WeatherPractice.app */,
			);
			name = Products;
			sourceTree = "<group>";
		};
		0426E115292E35CF00675BEA /* WeatherPractice */ = {
			isa = PBXGroup;
			children = (
				0426E116292E35CF00675BEA /* WeatherPracticeApp.swift */,
				0426E124292E41F800675BEA /* Views */,
				0426E125292E420100675BEA /* Models */,
				0426E126292E420D00675BEA /* Utils */,
				0426E11A292E35D200675BEA /* Assets.xcassets */,
				0426E11C292E35D200675BEA /* Preview Content */,
			);
			path = WeatherPractice;
			sourceTree = "<group>";
		};
		0426E11C292E35D200675BEA /* Preview Content */ = {
			isa = PBXGroup;
			children = (
				0426E11D292E35D200675BEA /* Preview Assets.xcassets */,
			);
			path = "Preview Content";
			sourceTree = "<group>";
		};
		0426E124292E41F800675BEA /* Views */ = {
			isa = PBXGroup;
			children = (
				0426E129292E423100675BEA /* Main */,
				0426E12C292E424D00675BEA /* Navigation */,
				0426E12B292E424400675BEA /* Detail */,
				0426E12A292E423B00675BEA /* Components */,
			);
			path = Views;
			sourceTree = "<group>";
		};
		0426E125292E420100675BEA /* Models */ = {
			isa = PBXGroup;
			children = (
			);
			path = Models;
			sourceTree = "<group>";
		};
		0426E126292E420D00675BEA /* Utils */ = {
			isa = PBXGroup;
			children = (
				0426E127292E422A00675BEA /* Extensions.swift */,
				047870AA295077B800797854 /* Shapes.swift */,
			);
			path = Utils;
			sourceTree = "<group>";
		};
		0426E129292E423100675BEA /* Main */ = {
			isa = PBXGroup;
			children = (
				0426E118292E35CF00675BEA /* ContentView.swift */,
				0426E12D292E426600675BEA /* HomeView.swift */,
			);
			path = Main;
			sourceTree = "<group>";
		};
		0426E12A292E423B00675BEA /* Components */ = {
			isa = PBXGroup;
			children = (
				047870AE295087A600797854 /* UIBackdropView.swift */,
				04600EDF29532D960090116D /* SegmentController.swift */,
			);
			path = Components;
			sourceTree = "<group>";
		};
		0426E12B292E424400675BEA /* Detail */ = {
			isa = PBXGroup;
			children = (
				047870AC29507F9100797854 /* ForcastView.swift */,
			);
			path = Detail;
			sourceTree = "<group>";
		};
		0426E12C292E424D00675BEA /* Navigation */ = {
			isa = PBXGroup;
			children = (
				048B0ACB295073C400F8133F /* TabBar.swift */,
			);
			path = Navigation;
			sourceTree = "<group>";
		};
/* End PBXGroup section */

/* Begin PBXNativeTarget section */
		0426E112292E35CF00675BEA /* WeatherPractice */ = {
			isa = PBXNativeTarget;
			buildConfigurationList = 0426E121292E35D200675BEA /* Build configuration list for PBXNativeTarget "WeatherPractice" */;
			buildPhases = (
				0426E10F292E35CF00675BEA /* Sources */,
				0426E110292E35CF00675BEA /* Frameworks */,
				0426E111292E35CF00675BEA /* Resources */,
			);
			buildRules = (
			);
			dependencies = (
			);
			name = WeatherPractice;
			packageProductDependencies = (
				048B0AC929506D9600F8133F /* BottomSheet */,
			);
			productName = WeatherPractice;
			productReference = 0426E113292E35CF00675BEA /* WeatherPractice.app */;
			productType = "com.apple.product-type.application";
		};
/* End PBXNativeTarget section */

/* Begin PBXProject section */
		0426E10B292E35CF00675BEA /* Project object */ = {
			isa = PBXProject;
			attributes = {
				BuildIndependentTargetsInParallel = 1;
				LastSwiftUpdateCheck = 1410;
				LastUpgradeCheck = 1410;
				TargetAttributes = {
					0426E112292E35CF00675BEA = {
						CreatedOnToolsVersion = 14.1;
					};
				};
			};
			buildConfigurationList = 0426E10E292E35CF00675BEA /* Build configuration list for PBXProject "WeatherPractice" */;
			compatibilityVersion = "Xcode 14.0";
			developmentRegion = en;
			hasScannedForEncodings = 0;
			knownRegions = (
				en,
				Base,
			);
			mainGroup = 0426E10A292E35CF00675BEA;
			packageReferences = (
				048B0AC829506D9600F8133F /* XCRemoteSwiftPackageReference "BottomSheet" */,
			);
			productRefGroup = 0426E114292E35CF00675BEA /* Products */;
			projectDirPath = "";
			projectRoot = "";
			targets = (
				0426E112292E35CF00675BEA /* WeatherPractice */,
			);
		};
/* End PBXProject section */

/* Begin PBXResourcesBuildPhase section */
		0426E111292E35CF00675BEA /* Resources */ = {
			isa = PBXResourcesBuildPhase;
			buildActionMask = 2147483647;
			files = (
				0426E11E292E35D200675BEA /* Preview Assets.xcassets in Resources */,
				0426E11B292E35D200675BEA /* Assets.xcassets in Resources */,
			);
			runOnlyForDeploymentPostprocessing = 0;
		};
/* End PBXResourcesBuildPhase section */

/* Begin PBXSourcesBuildPhase section */
		0426E10F292E35CF00675BEA /* Sources */ = {
			isa = PBXSourcesBuildPhase;
			buildActionMask = 2147483647;
			files = (
				0426E119292E35CF00675BEA /* ContentView.swift in Sources */,
				0426E12E292E426600675BEA /* HomeView.swift in Sources */,
				04600EE029532D960090116D /* SegmentController.swift in Sources */,
				0426E128292E422A00675BEA /* Extensions.swift in Sources */,
				0426E117292E35CF00675BEA /* WeatherPracticeApp.swift in Sources */,
				048B0ACC295073C400F8133F /* TabBar.swift in Sources */,
				047870AD29507F9100797854 /* ForcastView.swift in Sources */,
				047870AF295087A600797854 /* UIBackdropView.swift in Sources */,
				047870AB295077B800797854 /* Shapes.swift in Sources */,
			);
			runOnlyForDeploymentPostprocessing = 0;
		};
/* End PBXSourcesBuildPhase section */

/* Begin XCBuildConfiguration section */
		0426E11F292E35D200675BEA /* Debug */ = {
			isa = XCBuildConfiguration;
			buildSettings = {
				ALWAYS_SEARCH_USER_PATHS = NO;
				CLANG_ANALYZER_NONNULL = YES;
				CLANG_ANALYZER_NUMBER_OBJECT_CONVERSION = YES_AGGRESSIVE;
				CLANG_CXX_LANGUAGE_STANDARD = "gnu++20";
				CLANG_ENABLE_MODULES = YES;
				CLANG_ENABLE_OBJC_ARC = YES;
				CLANG_ENABLE_OBJC_WEAK = YES;
				CLANG_WARN_BLOCK_CAPTURE_AUTORELEASING = YES;
				CLANG_WARN_BOOL_CONVERSION = YES;
				CLANG_WARN_COMMA = YES;
				CLANG_WARN_CONSTANT_CONVERSION = YES;
				CLANG_WARN_DEPRECATED_OBJC_IMPLEMENTATIONS = YES;
				CLANG_WARN_DIRECT_OBJC_ISA_USAGE = YES_ERROR;
				CLANG_WARN_DOCUMENTATION_COMMENTS = YES;
				CLANG_WARN_EMPTY_BODY = YES;
				CLANG_WARN_ENUM_CONVERSION = YES;
				CLANG_WARN_INFINITE_RECURSION = YES;
				CLANG_WARN_INT_CONVERSION = YES;
				CLANG_WARN_NON_LITERAL_NULL_CONVERSION = YES;
				CLANG_WARN_OBJC_IMPLICIT_RETAIN_SELF = YES;
				CLANG_WARN_OBJC_LITERAL_CONVERSION = YES;
				CLANG_WARN_OBJC_ROOT_CLASS = YES_ERROR;
				CLANG_WARN_QUOTED_INCLUDE_IN_FRAMEWORK_HEADER = YES;
				CLANG_WARN_RANGE_LOOP_ANALYSIS = YES;
				CLANG_WARN_STRICT_PROTOTYPES = YES;
				CLANG_WARN_SUSPICIOUS_MOVE = YES;
				CLANG_WARN_UNGUARDED_AVAILABILITY = YES_AGGRESSIVE;
				CLANG_WARN_UNREACHABLE_CODE = YES;
				CLANG_WARN__DUPLICATE_METHOD_MATCH = YES;
				COPY_PHASE_STRIP = NO;
				DEBUG_INFORMATION_FORMAT = dwarf;
				ENABLE_STRICT_OBJC_MSGSEND = YES;
				ENABLE_TESTABILITY = YES;
				GCC_C_LANGUAGE_STANDARD = gnu11;
				GCC_DYNAMIC_NO_PIC = NO;
				GCC_NO_COMMON_BLOCKS = YES;
				GCC_OPTIMIZATION_LEVEL = 0;
				GCC_PREPROCESSOR_DEFINITIONS = (
					"DEBUG=1",
					"$(inherited)",
				);
				GCC_WARN_64_TO_32_BIT_CONVERSION = YES;
				GCC_WARN_ABOUT_RETURN_TYPE = YES_ERROR;
				GCC_WARN_UNDECLARED_SELECTOR = YES;
				GCC_WARN_UNINITIALIZED_AUTOS = YES_AGGRESSIVE;
				GCC_WARN_UNUSED_FUNCTION = YES;
				GCC_WARN_UNUSED_VARIABLE = YES;
				IPHONEOS_DEPLOYMENT_TARGET = 16.1;
				MTL_ENABLE_DEBUG_INFO = INCLUDE_SOURCE;
				MTL_FAST_MATH = YES;
				ONLY_ACTIVE_ARCH = YES;
				SDKROOT = iphoneos;
				SWIFT_ACTIVE_COMPILATION_CONDITIONS = DEBUG;
				SWIFT_OPTIMIZATION_LEVEL = "-Onone";
			};
			name = Debug;
		};
		0426E120292E35D200675BEA /* Release */ = {
			isa = XCBuildConfiguration;
			buildSettings = {
				ALWAYS_SEARCH_USER_PATHS = NO;
				CLANG_ANALYZER_NONNULL = YES;
				CLANG_ANALYZER_NUMBER_OBJECT_CONVERSION = YES_AGGRESSIVE;
				CLANG_CXX_LANGUAGE_STANDARD = "gnu++20";
				CLANG_ENABLE_MODULES = YES;
				CLANG_ENABLE_OBJC_ARC = YES;
				CLANG_ENABLE_OBJC_WEAK = YES;
				CLANG_WARN_BLOCK_CAPTURE_AUTORELEASING = YES;
				CLANG_WARN_BOOL_CONVERSION = YES;
				CLANG_WARN_COMMA = YES;
				CLANG_WARN_CONSTANT_CONVERSION = YES;
				CLANG_WARN_DEPRECATED_OBJC_IMPLEMENTATIONS = YES;
				CLANG_WARN_DIRECT_OBJC_ISA_USAGE = YES_ERROR;
				CLANG_WARN_DOCUMENTATION_COMMENTS = YES;
				CLANG_WARN_EMPTY_BODY = YES;
				CLANG_WARN_ENUM_CONVERSION = YES;
				CLANG_WARN_INFINITE_RECURSION = YES;
				CLANG_WARN_INT_CONVERSION = YES;
				CLANG_WARN_NON_LITERAL_NULL_CONVERSION = YES;
				CLANG_WARN_OBJC_IMPLICIT_RETAIN_SELF = YES;
				CLANG_WARN_OBJC_LITERAL_CONVERSION = YES;
				CLANG_WARN_OBJC_ROOT_CLASS = YES_ERROR;
				CLANG_WARN_QUOTED_INCLUDE_IN_FRAMEWORK_HEADER = YES;
				CLANG_WARN_RANGE_LOOP_ANALYSIS = YES;
				CLANG_WARN_STRICT_PROTOTYPES = YES;
				CLANG_WARN_SUSPICIOUS_MOVE = YES;
				CLANG_WARN_UNGUARDED_AVAILABILITY = YES_AGGRESSIVE;
				CLANG_WARN_UNREACHABLE_CODE = YES;
				CLANG_WARN__DUPLICATE_METHOD_MATCH = YES;
				COPY_PHASE_STRIP = NO;
				DEBUG_INFORMATION_FORMAT = "dwarf-with-dsym";
				ENABLE_NS_ASSERTIONS = NO;
				ENABLE_STRICT_OBJC_MSGSEND = YES;
				GCC_C_LANGUAGE_STANDARD = gnu11;
				GCC_NO_COMMON_BLOCKS = YES;
				GCC_WARN_64_TO_32_BIT_CONVERSION = YES;
				GCC_WARN_ABOUT_RETURN_TYPE = YES_ERROR;
				GCC_WARN_UNDECLARED_SELECTOR = YES;
				GCC_WARN_UNINITIALIZED_AUTOS = YES_AGGRESSIVE;
				GCC_WARN_UNUSED_FUNCTION = YES;
				GCC_WARN_UNUSED_VARIABLE = YES;
				IPHONEOS_DEPLOYMENT_TARGET = 16.1;
				MTL_ENABLE_DEBUG_INFO = NO;
				MTL_FAST_MATH = YES;
				SDKROOT = iphoneos;
				SWIFT_COMPILATION_MODE = wholemodule;
				SWIFT_OPTIMIZATION_LEVEL = "-O";
				VALIDATE_PRODUCT = YES;
			};
			name = Release;
		};
		0426E122292E35D200675BEA /* Debug */ = {
			isa = XCBuildConfiguration;
			buildSettings = {
				ASSETCATALOG_COMPILER_APPICON_NAME = AppIcon;
				ASSETCATALOG_COMPILER_GLOBAL_ACCENT_COLOR_NAME = AccentColor;
				CODE_SIGN_STYLE = Automatic;
				CURRENT_PROJECT_VERSION = 1;
				DEVELOPMENT_ASSET_PATHS = "\"WeatherPractice/Preview Content\"";
				DEVELOPMENT_TEAM = 5TWG8NPDTV;
				ENABLE_PREVIEWS = YES;
				GENERATE_INFOPLIST_FILE = YES;
				INFOPLIST_KEY_UIApplicationSceneManifest_Generation = YES;
				INFOPLIST_KEY_UIApplicationSupportsIndirectInputEvents = YES;
				INFOPLIST_KEY_UILaunchScreen_Generation = YES;
				INFOPLIST_KEY_UISupportedInterfaceOrientations_iPad = "UIInterfaceOrientationPortrait UIInterfaceOrientationPortraitUpsideDown UIInterfaceOrientationLandscapeLeft UIInterfaceOrientationLandscapeRight";
				INFOPLIST_KEY_UISupportedInterfaceOrientations_iPhone = "UIInterfaceOrientationPortrait UIInterfaceOrientationLandscapeLeft UIInterfaceOrientationLandscapeRight";
				LD_RUNPATH_SEARCH_PATHS = (
					"$(inherited)",
					"@executable_path/Frameworks",
				);
				MARKETING_VERSION = 1.0;
				PRODUCT_BUNDLE_IDENTIFIER = com.app.WeatherPractice;
				PRODUCT_NAME = "$(TARGET_NAME)";
				SWIFT_EMIT_LOC_STRINGS = YES;
				SWIFT_VERSION = 5.0;
				TARGETED_DEVICE_FAMILY = "1,2";
			};
			name = Debug;
		};
		0426E123292E35D200675BEA /* Release */ = {
			isa = XCBuildConfiguration;
			buildSettings = {
				ASSETCATALOG_COMPILER_APPICON_NAME = AppIcon;
				ASSETCATALOG_COMPILER_GLOBAL_ACCENT_COLOR_NAME = AccentColor;
				CODE_SIGN_STYLE = Automatic;
				CURRENT_PROJECT_VERSION = 1;
				DEVELOPMENT_ASSET_PATHS = "\"WeatherPractice/Preview Content\"";
				DEVELOPMENT_TEAM = 5TWG8NPDTV;
				ENABLE_PREVIEWS = YES;
				GENERATE_INFOPLIST_FILE = YES;
				INFOPLIST_KEY_UIApplicationSceneManifest_Generation = YES;
				INFOPLIST_KEY_UIApplicationSupportsIndirectInputEvents = YES;
				INFOPLIST_KEY_UILaunchScreen_Generation = YES;
				INFOPLIST_KEY_UISupportedInterfaceOrientations_iPad = "UIInterfaceOrientationPortrait UIInterfaceOrientationPortraitUpsideDown UIInterfaceOrientationLandscapeLeft UIInterfaceOrientationLandscapeRight";
				INFOPLIST_KEY_UISupportedInterfaceOrientations_iPhone = "UIInterfaceOrientationPortrait UIInterfaceOrientationLandscapeLeft UIInterfaceOrientationLandscapeRight";
				LD_RUNPATH_SEARCH_PATHS = (
					"$(inherited)",
					"@executable_path/Frameworks",
				);
				MARKETING_VERSION = 1.0;
				PRODUCT_BUNDLE_IDENTIFIER = com.app.WeatherPractice;
				PRODUCT_NAME = "$(TARGET_NAME)";
				SWIFT_EMIT_LOC_STRINGS = YES;
				SWIFT_VERSION = 5.0;
				TARGETED_DEVICE_FAMILY = "1,2";
			};
			name = Release;
		};
/* End XCBuildConfiguration section */

/* Begin XCConfigurationList section */
		0426E10E292E35CF00675BEA /* Build configuration list for PBXProject "WeatherPractice" */ = {
			isa = XCConfigurationList;
			buildConfigurations = (
				0426E11F292E35D200675BEA /* Debug */,
				0426E120292E35D200675BEA /* Release */,
			);
			defaultConfigurationIsVisible = 0;
			defaultConfigurationName = Release;
		};
		0426E121292E35D200675BEA /* Build configuration list for PBXNativeTarget "WeatherPractice" */ = {
			isa = XCConfigurationList;
			buildConfigurations = (
				0426E122292E35D200675BEA /* Debug */,
				0426E123292E35D200675BEA /* Release */,
			);
			defaultConfigurationIsVisible = 0;
			defaultConfigurationName = Release;
		};
/* End XCConfigurationList section */

/* Begin XCRemoteSwiftPackageReference section */
		048B0AC829506D9600F8133F /* XCRemoteSwiftPackageReference "BottomSheet" */ = {
			isa = XCRemoteSwiftPackageReference;
			repositoryURL = "https://github.com/Wouter125/BottomSheet.git";
			requirement = {
				branch = main;
				kind = branch;
			};
		};
/* End XCRemoteSwiftPackageReference section */

/* Begin XCSwiftPackageProductDependency section */
		048B0AC929506D9600F8133F /* BottomSheet */ = {
			isa = XCSwiftPackageProductDependency;
			package = 048B0AC829506D9600F8133F /* XCRemoteSwiftPackageReference "BottomSheet" */;
			productName = BottomSheet;
		};
/* End XCSwiftPackageProductDependency section */
	};
	rootObject = 0426E10B292E35CF00675BEA /* Project object */;
}
